Microsoft Visual Studio Solution File, Format Version 12.00
# Visual Studio Version 17
VisualStudioVersion = 17.5.2.0
MinimumVisualStudioVersion = 10.0.40219.1
Project("{FAE04EC0-301F-11D3-BF4B-00C04F79EFBC}") = "GHPC_Artillery_Rework", "GHPC_Artillery_Rework.csproj", "{8A4937EB-3DAD-BBCD-924E-ED7D32D59128}"
EndProject
Global
	GlobalSection(SolutionConfigurationPlatforms) = preSolution
		Debug|Any CPU = Debug|Any CPU
		Release|Any CPU = Release|Any CPU
	EndGlobalSection
	GlobalSection(ProjectConfigurationPlatforms) = postSolution
		{8A4937EB-3DAD-BBCD-924E-ED7D32D59128}.Debug|Any CPU.ActiveCfg = Debug|Any CPU
		{8A4937EB-3DAD-BBCD-924E-ED7D32D59128}.Debug|Any CPU.Build.0 = Debug|Any CPU
		{8A4937EB-3DAD-BBCD-924E-ED7D32D59128}.Release|Any CPU.ActiveCfg = Release|Any CPU
		{8A4937EB-3DAD-BBCD-924E-ED7D32D59128}.Release|Any CPU.Build.0 = Release|Any CPU
	EndGlobalSection
	GlobalSection(SolutionProperties) = preSolution
		HideSolutionNode = FALSE
	EndGlobalSection
	GlobalSection(ExtensibilityGlobals) = postSolution
		SolutionGuid = {1B5C21F2-6492-4310-B64B-83DE54EC2BA6}
	EndGlobalSection
EndGlobal
